Microsoft Visual Studio Solution File, Format Version 12.00
# Visual Studio Version 17
VisualStudioVersion = 17.14.35906.104
MinimumVisualStudioVersion = 10.0.40219.1
Project("{FAE04EC0-301F-11D3-BF4B-00C04F79EFBC}") = "ESP32WinformApp", "ESP32WinformApp\ESP32WinformApp.csproj", "{1A45DAA1-EF05-490F-9166-AC96DA343CAC}"
EndProject
Global
	GlobalSection(SolutionConfigurationPlatforms) = preSolution
		Debug|Any CPU = Debug|Any CPU
		Release|Any CPU = Release|Any CPU
	EndGlobalSection
	GlobalSection(ProjectConfigurationPlatforms) = postSolution
		{1A45DAA1-EF05-490F-9166-AC96DA343CAC}.Debug|Any CPU.ActiveCfg = Debug|Any CPU
		{1A45DAA1-EF05-490F-9166-AC96DA343CAC}.Debug|Any CPU.Build.0 = Debug|Any CPU
		{1A45DAA1-EF05-490F-9166-AC96DA343CAC}.Release|Any CPU.ActiveCfg = Release|Any CPU
		{1A45DAA1-EF05-490F-9166-AC96DA343CAC}.Release|Any CPU.Build.0 = Release|Any CPU
	EndGlobalSection
	GlobalSection(SolutionProperties) = preSolution
		HideSolutionNode = FALSE
	EndGlobalSection
	GlobalSection(ExtensibilityGlobals) = postSolution
		SolutionGuid = {B46B7FEE-9FAD-4BFB-AC56-0F473E38C40D}
	EndGlobalSection
EndGlobal
